
Microsoft Visual Studio Solution File, Format Version 12.00
# Visual Studio 15
VisualStudioVersion = 15.0.26206.0
MinimumVisualStudioVersion = 10.0.40219.1
Project("{00D1A9C2-B5F0-4AF3-8072-F6C62B433612}") = "BikeSharing.Services.RidesName", "BikeSharing.Services.RidesName\BikeSharing.Services.RidesName.sqlproj", "{DF7F99F7-3822-42C2-AC66-65E97AFA2B6B}"
EndProject
Project("{FAE04EC0-301F-11D3-BF4B-00C04F79EFBC}") = "BikeSharing.Services.RidesName.Build", "BikeSharing.Services.Ridesname.Build\BikeSharing.Services.RidesName.Build.csproj", "{7317DD72-8967-4E29-B777-3A36CD3FFBDA}"
EndProject
Project("{9092AA53-FB77-4645-B42D-1CCCA6BD08BD}") = "BikeSharing.Services.Rides", "src\BikeSharing.Services.Rides\BikeSharing.Services.Rides.njsproj", "{E860804D-B1EF-418F-B7FF-77426DED9329}"
EndProject
Project("{FAE04EC0-301F-11D3-BF4B-00C04F79EFBC}") = "AzureIndegoLib", "AzureIndegoLib\AzureIndegoLib.csproj", "{737618C7-332F-46E8-83CC-0AF69C20047F}"
EndProject
Project("{FAE04EC0-301F-11D3-BF4B-00C04F79EFBC}") = "AzureIndegoLibTest", "AzureIndegoLibTest\AzureIndegoLibTest.csproj", "{4E149E5F-A2F2-4833-B12C-568B796F11F7}"
EndProject
Global
	GlobalSection(SolutionConfigurationPlatforms) = preSolution
		Debug|Any CPU = Debug|Any CPU
		Release|Any CPU = Release|Any CPU
	EndGlobalSection
	GlobalSection(ProjectConfigurationPlatforms) = postSolution
		{DF7F99F7-3822-42C2-AC66-65E97AFA2B6B}.Debug|Any CPU.ActiveCfg = Debug|Any CPU
		{DF7F99F7-3822-42C2-AC66-65E97AFA2B6B}.Debug|Any CPU.Build.0 = Debug|Any CPU
		{DF7F99F7-3822-42C2-AC66-65E97AFA2B6B}.Debug|Any CPU.Deploy.0 = Debug|Any CPU
		{DF7F99F7-3822-42C2-AC66-65E97AFA2B6B}.Release|Any CPU.ActiveCfg = Release|Any CPU
		{DF7F99F7-3822-42C2-AC66-65E97AFA2B6B}.Release|Any CPU.Build.0 = Release|Any CPU
		{DF7F99F7-3822-42C2-AC66-65E97AFA2B6B}.Release|Any CPU.Deploy.0 = Release|Any CPU
		{7317DD72-8967-4E29-B777-3A36CD3FFBDA}.Debug|Any CPU.ActiveCfg = Debug|Any CPU
		{7317DD72-8967-4E29-B777-3A36CD3FFBDA}.Debug|Any CPU.Build.0 = Debug|Any CPU
		{7317DD72-8967-4E29-B777-3A36CD3FFBDA}.Release|Any CPU.ActiveCfg = Release|Any CPU
		{7317DD72-8967-4E29-B777-3A36CD3FFBDA}.Release|Any CPU.Build.0 = Release|Any CPU
		{E860804D-B1EF-418F-B7FF-77426DED9329}.Debug|Any CPU.ActiveCfg = Debug|Any CPU
		{E860804D-B1EF-418F-B7FF-77426DED9329}.Debug|Any CPU.Build.0 = Debug|Any CPU
		{E860804D-B1EF-418F-B7FF-77426DED9329}.Release|Any CPU.ActiveCfg = Release|Any CPU
		{E860804D-B1EF-418F-B7FF-77426DED9329}.Release|Any CPU.Build.0 = Release|Any CPU
		{737618C7-332F-46E8-83CC-0AF69C20047F}.Debug|Any CPU.ActiveCfg = Debug|Any CPU
		{737618C7-332F-46E8-83CC-0AF69C20047F}.Debug|Any CPU.Build.0 = Debug|Any CPU
		{737618C7-332F-46E8-83CC-0AF69C20047F}.Release|Any CPU.ActiveCfg = Release|Any CPU
		{737618C7-332F-46E8-83CC-0AF69C20047F}.Release|Any CPU.Build.0 = Release|Any CPU
		{4E149E5F-A2F2-4833-B12C-568B796F11F7}.Debug|Any CPU.ActiveCfg = Debug|Any CPU
		{4E149E5F-A2F2-4833-B12C-568B796F11F7}.Debug|Any CPU.Build.0 = Debug|Any CPU
		{4E149E5F-A2F2-4833-B12C-568B796F11F7}.Release|Any CPU.ActiveCfg = Release|Any CPU
		{4E149E5F-A2F2-4833-B12C-568B796F11F7}.Release|Any CPU.Build.0 = Release|Any CPU
	EndGlobalSection
	GlobalSection(SolutionProperties) = preSolution
		HideSolutionNode = FALSE
	EndGlobalSection
EndGlobal
